// !$*UTF8*$!
{
	archiveVersion = 1;
	classes = {
	};
	objectVersion = 50;
	objects = {

/* Begin PBXBuildFile section */
		95C2B4F7236C80160069864E /* AppDelegate.swift in Sources */ = {isa = PBXBuildFile; fileRef = 95C2B4F6236C80160069864E /* AppDelegate.swift */; };
		95C2B4F9236C80160069864E /* SceneDelegate.swift in Sources */ = {isa = PBXBuildFile; fileRef = 95C2B4F8236C80160069864E /* SceneDelegate.swift */; };
		95C2B4FB236C80160069864E /* ContentView.swift in Sources */ = {isa = PBXBuildFile; fileRef = 95C2B4FA236C80160069864E /* ContentView.swift */; };
		95C2B4FD236C80180069864E /* Assets.xcassets in Resources */ = {isa = PBXBuildFile; fileRef = 95C2B4FC236C80180069864E /* Assets.xcassets */; };
		95C2B500236C80180069864E /* Preview Assets.xcassets in Resources */ = {isa = PBXBuildFile; fileRef = 95C2B4FF236C80180069864E /* Preview Assets.xcassets */; };
		95C2B503236C80180069864E /* LaunchScreen.storyboard in Resources */ = {isa = PBXBuildFile; fileRef = 95C2B501236C80180069864E /* LaunchScreen.storyboard */; };
		95C2B50C236C80A60069864E /* Hike.swift in Sources */ = {isa = PBXBuildFile; fileRef = 95C2B50B236C80A60069864E /* Hike.swift */; };
/* End PBXBuildFile section */

/* Begin PBXFileReference section */
		95C2B4F3236C80160069864E /* HukingAppPopulatingListInSwiftUI.app */ = {isa = PBXFileReference; explicitFileType = wrapper.application; includeInIndex = 0; path = HukingAppPopulatingListInSwiftUI.app; sourceTree = BUILT_PRODUCTS_DIR; };
		95C2B4F6236C80160069864E /* AppDelegate.swift */ = {isa = PBXFileReference; lastKnownFileType = sourcecode.swift; path = AppDelegate.swift; sourceTree = "<group>"; };
		95C2B4F8236C80160069864E /* SceneDelegate.swift */ = {isa = PBXFileReference; lastKnownFileType = sourcecode.swift; path = SceneDelegate.swift; sourceTree = "<group>"; };
		95C2B4FA236C80160069864E /* ContentView.swift */ = {isa = PBXFileReference; lastKnownFileType = sourcecode.swift; path = ContentView.swift; sourceTree = "<group>"; };
		95C2B4FC236C80180069864E /* Assets.xcassets */ = {isa = PBXFileReference; lastKnownFileType = folder.assetcatalog; path = Assets.xcassets; sourceTree = "<group>"; };
		95C2B4FF236C80180069864E /* Preview Assets.xcassets */ = {isa = PBXFileReference; lastKnownFileType = folder.assetcatalog; path = "Preview Assets.xcassets"; sourceTree = "<group>"; };
		95C2B502236C80180069864E /* Base */ = {isa = PBXFileReference; lastKnownFileType = file.storyboard; name = Base; path = Base.lproj/LaunchScreen.storyboard; sourceTree = "<group>"; };
		95C2B504236C80180069864E /* Info.plist */ = {isa = PBXFileReference; lastKnownFileType = text.plist.xml; path = Info.plist; sourceTree = "<group>"; };
		95C2B50B236C80A60069864E /* Hike.swift */ = {isa = PBXFileReference; lastKnownFileType = sourcecode.swift; path = Hike.swift; sourceTree = "<group>"; };
/* End PBXFileReference section */

/* Begin PBXFrameworksBuildPhase section */
		95C2B4F0236C80160069864E /* Frameworks */ = {
			isa = PBXFrameworksBuildPhase;
			buildActionMask = 2147483647;
			files = (
			);
			runOnlyForDeploymentPostprocessing = 0;
		};
/* End PBXFrameworksBuildPhase section */

/* Begin PBXGroup section */
		95C2B4EA236C80160069864E = {
			isa = PBXGroup;
			children = (
				95C2B4F5236C80160069864E /* HukingAppPopulatingListInSwiftUI */,
				95C2B4F4236C80160069864E /* Products */,
			);
			sourceTree = "<group>";
		};
		95C2B4F4236C80160069864E /* Products */ = {
			isa = PBXGroup;
			children = (
				95C2B4F3236C80160069864E /* HukingAppPopulatingListInSwiftUI.app */,
			);
			name = Products;
			sourceTree = "<group>";
		};
		95C2B4F5236C80160069864E /* HukingAppPopulatingListInSwiftUI */ = {
			isa = PBXGroup;
			children = (
				95C2B50A236C80830069864E /* Models */,
				95C2B4F6236C80160069864E /* AppDelegate.swift */,
				95C2B4F8236C80160069864E /* SceneDelegate.swift */,
				95C2B4FA236C80160069864E /* ContentView.swift */,
				95C2B4FC236C80180069864E /* Assets.xcassets */,
				95C2B501236C80180069864E /* LaunchScreen.storyboard */,
				95C2B504236C80180069864E /* Info.plist */,
				95C2B4FE236C80180069864E /* Preview Content */,
			);
			path = HukingAppPopulatingListInSwiftUI;
			sourceTree = "<group>";
		};
		95C2B4FE236C80180069864E /* Preview Content */ = {
			isa = PBXGroup;
			children = (
				95C2B4FF236C80180069864E /* Preview Assets.xcassets */,
			);
			path = "Preview Content";
			sourceTree = "<group>";
		};
		95C2B50A236C80830069864E /* Models */ = {
			isa = PBXGroup;
			children = (
				95C2B50B236C80A60069864E /* Hike.swift */,
			);
			path = Models;
			sourceTree = "<group>";
		};
/* End PBXGroup section */

/* Begin PBXNativeTarget section */
		95C2B4F2236C80160069864E /* HukingAppPopulatingListInSwiftUI */ = {
			isa = PBXNativeTarget;
			buildConfigurationList = 95C2B507236C80180069864E /* Build configuration list for PBXNativeTarget "HukingAppPopulatingListInSwiftUI" */;
			buildPhases = (
				95C2B4EF236C80160069864E /* Sources */,
				95C2B4F0236C80160069864E /* Frameworks */,
				95C2B4F1236C80160069864E /* Resources */,
			);
			buildRules = (
			);
			dependencies = (
			);
			name = HukingAppPopulatingListInSwiftUI;
			productName = HukingAppPopulatingListInSwiftUI;
			productReference = 95C2B4F3236C80160069864E /* HukingAppPopulatingListInSwiftUI.app */;
			productType = "com.apple.product-type.application";
		};
/* End PBXNativeTarget section */

/* Begin PBXProject section */
		95C2B4EB236C80160069864E /* Project object */ = {
			isa = PBXProject;
			attributes = {
				LastSwiftUpdateCheck = 1110;
				LastUpgradeCheck = 1110;
				ORGANIZATIONNAME = com.ri;
				TargetAttributes = {
					95C2B4F2236C80160069864E = {
						CreatedOnToolsVersion = 11.1;
					};
				};
			};
			buildConfigurationList = 95C2B4EE236C80160069864E /* Build configuration list for PBXProject "HukingAppPopulatingListInSwiftUI" */;
			compatibilityVersion = "Xcode 9.3";
			developmentRegion = en;
			hasScannedForEncodings = 0;
			knownRegions = (
				en,
				Base,
			);
			mainGroup = 95C2B4EA236C80160069864E;
			productRefGroup = 95C2B4F4236C80160069864E /* Products */;
			projectDirPath = "";
			projectRoot = "";
			targets = (
				95C2B4F2236C80160069864E /* HukingAppPopulatingListInSwiftUI */,
			);
		};
/* End PBXProject section */

/* Begin PBXResourcesBuildPhase section */
		95C2B4F1236C80160069864E /* Resources */ = {
			isa = PBXResourcesBuildPhase;
			buildActionMask = 2147483647;
			files = (
				95C2B503236C80180069864E /* LaunchScreen.storyboard in Resources */,
				95C2B500236C80180069864E /* Preview Assets.xcassets in Resources */,
				95C2B4FD236C80180069864E /* Assets.xcassets in Resources */,
			);
			runOnlyForDeploymentPostprocessing = 0;
		};
/* End PBXResourcesBuildPhase section */

/* Begin PBXSourcesBuildPhase section */
		95C2B4EF236C80160069864E /* Sources */ = {
			isa = PBXSourcesBuildPhase;
			buildActionMask = 2147483647;
			files = (
				95C2B4F7236C80160069864E /* AppDelegate.swift in Sources */,
				95C2B4F9236C80160069864E /* SceneDelegate.swift in Sources */,
				95C2B50C236C80A60069864E /* Hike.swift in Sources */,
				95C2B4FB236C80160069864E /* ContentView.swift in Sources */,
			);
			runOnlyForDeploymentPostprocessing = 0;
		};
/* End PBXSourcesBuildPhase section */

/* Begin PBXVariantGroup section */
		95C2B501236C80180069864E /* LaunchScreen.storyboard */ = {
			isa = PBXVariantGroup;
			children = (
				95C2B502236C80180069864E /* Base */,
			);
			name = LaunchScreen.storyboard;
			sourceTree = "<group>";
		};
/* End PBXVariantGroup section */

/* Begin XCBuildConfiguration section */
		95C2B505236C80180069864E /* Debug */ = {
			isa = XCBuildConfiguration;
			buildSettings = {
				ALWAYS_SEARCH_USER_PATHS = NO;
				CLANG_ANALYZER_NONNULL = YES;
				CLANG_ANALYZER_NUMBER_OBJECT_CONVERSION = YES_AGGRESSIVE;
				CLANG_CXX_LANGUAGE_STANDARD = "gnu++14";
				CLANG_CXX_LIBRARY = "libc++";
				CLANG_ENABLE_MODULES = YES;
				CLANG_ENABLE_OBJC_ARC = YES;
				CLANG_ENABLE_OBJC_WEAK = YES;
				CLANG_WARN_BLOCK_CAPTURE_AUTORELEASING = YES;
				CLANG_WARN_BOOL_CONVERSION = YES;
				CLANG_WARN_COMMA = YES;
				CLANG_WARN_CONSTANT_CONVERSION = YES;
				CLANG_WARN_DEPRECATED_OBJC_IMPLEMENTATIONS = YES;
				CLANG_WARN_DIRECT_OBJC_ISA_USAGE = YES_ERROR;
				CLANG_WARN_DOCUMENTATION_COMMENTS = YES;
				CLANG_WARN_EMPTY_BODY = YES;
				CLANG_WARN_ENUM_CONVERSION = YES;
				CLANG_WARN_INFINITE_RECURSION = YES;
				CLANG_WARN_INT_CONVERSION = YES;
				CLANG_WARN_NON_LITERAL_NULL_CONVERSION = YES;
				CLANG_WARN_OBJC_IMPLICIT_RETAIN_SELF = YES;
				CLANG_WARN_OBJC_LITERAL_CONVERSION = YES;
				CLANG_WARN_OBJC_ROOT_CLASS = YES_ERROR;
				CLANG_WARN_RANGE_LOOP_ANALYSIS = YES;
				CLANG_WARN_STRICT_PROTOTYPES = YES;
				CLANG_WARN_SUSPICIOUS_MOVE = YES;
				CLANG_WARN_UNGUARDED_AVAILABILITY = YES_AGGRESSIVE;
				CLANG_WARN_UNREACHABLE_CODE = YES;
				CLANG_WARN__DUPLICATE_METHOD_MATCH = YES;
				COPY_PHASE_STRIP = NO;
				DEBUG_INFORMATION_FORMAT = dwarf;
				ENABLE_STRICT_OBJC_MSGSEND = YES;
				ENABLE_TESTABILITY = YES;
				GCC_C_LANGUAGE_STANDARD = gnu11;
				GCC_DYNAMIC_NO_PIC = NO;
				GCC_NO_COMMON_BLOCKS = YES;
				GCC_OPTIMIZATION_LEVEL = 0;
				GCC_PREPROCESSOR_DEFINITIONS = (
					"DEBUG=1",
					"$(inherited)",
				);
				GCC_WARN_64_TO_32_BIT_CONVERSION = YES;
				GCC_WARN_ABOUT_RETURN_TYPE = YES_ERROR;
				GCC_WARN_UNDECLARED_SELECTOR = YES;
				GCC_WARN_UNINITIALIZED_AUTOS = YES_AGGRESSIVE;
				GCC_WARN_UNUSED_FUNCTION = YES;
				GCC_WARN_UNUSED_VARIABLE = YES;
				IPHONEOS_DEPLOYMENT_TARGET = 13.1;
				MTL_ENABLE_DEBUG_INFO = INCLUDE_SOURCE;
				MTL_FAST_MATH = YES;
				ONLY_ACTIVE_ARCH = YES;
				SDKROOT = iphoneos;
				SWIFT_ACTIVE_COMPILATION_CONDITIONS = DEBUG;
				SWIFT_OPTIMIZATION_LEVEL = "-Onone";
			};
			name = Debug;
		};
		95C2B506236C80180069864E /* Release */ = {
			isa = XCBuildConfiguration;
			buildSettings = {
				ALWAYS_SEARCH_USER_PATHS = NO;
				CLANG_ANALYZER_NONNULL = YES;
				CLANG_ANALYZER_NUMBER_OBJECT_CONVERSION = YES_AGGRESSIVE;
				CLANG_CXX_LANGUAGE_STANDARD = "gnu++14";
				CLANG_CXX_LIBRARY = "libc++";
				CLANG_ENABLE_MODULES = YES;
				CLANG_ENABLE_OBJC_ARC = YES;
				CLANG_ENABLE_OBJC_WEAK = YES;
				CLANG_WARN_BLOCK_CAPTURE_AUTORELEASING = YES;
				CLANG_WARN_BOOL_CONVERSION = YES;
				CLANG_WARN_COMMA = YES;
				CLANG_WARN_CONSTANT_CONVERSION = YES;
				CLANG_WARN_DEPRECATED_OBJC_IMPLEMENTATIONS = YES;
				CLANG_WARN_DIRECT_OBJC_ISA_USAGE = YES_ERROR;
				CLANG_WARN_DOCUMENTATION_COMMENTS = YES;
				CLANG_WARN_EMPTY_BODY = YES;
				CLANG_WARN_ENUM_CONVERSION = YES;
				CLANG_WARN_INFINITE_RECURSION = YES;
				CLANG_WARN_INT_CONVERSION = YES;
				CLANG_WARN_NON_LITERAL_NULL_CONVERSION = YES;
				CLANG_WARN_OBJC_IMPLICIT_RETAIN_SELF = YES;
				CLANG_WARN_OBJC_LITERAL_CONVERSION = YES;
				CLANG_WARN_OBJC_ROOT_CLASS = YES_ERROR;
				CLANG_WARN_RANGE_LOOP_ANALYSIS = YES;
				CLANG_WARN_STRICT_PROTOTYPES = YES;
				CLANG_WARN_SUSPICIOUS_MOVE = YES;
				CLANG_WARN_UNGUARDED_AVAILABILITY = YES_AGGRESSIVE;
				CLANG_WARN_UNREACHABLE_CODE = YES;
				CLANG_WARN__DUPLICATE_METHOD_MATCH = YES;
				COPY_PHASE_STRIP = NO;
				DEBUG_INFORMATION_FORMAT = "dwarf-with-dsym";
				ENABLE_NS_ASSERTIONS = NO;
				ENABLE_STRICT_OBJC_MSGSEND = YES;
				GCC_C_LANGUAGE_STANDARD = gnu11;
				GCC_NO_COMMON_BLOCKS = YES;
				GCC_WARN_64_TO_32_BIT_CONVERSION = YES;
				GCC_WARN_ABOUT_RETURN_TYPE = YES_ERROR;
				GCC_WARN_UNDECLARED_SELECTOR = YES;
				GCC_WARN_UNINITIALIZED_AUTOS = YES_AGGRESSIVE;
				GCC_WARN_UNUSED_FUNCTION = YES;
				GCC_WARN_UNUSED_VARIABLE = YES;
				IPHONEOS_DEPLOYMENT_TARGET = 13.1;
				MTL_ENABLE_DEBUG_INFO = NO;
				MTL_FAST_MATH = YES;
				SDKROOT = iphoneos;
				SWIFT_COMPILATION_MODE = wholemodule;
				SWIFT_OPTIMIZATION_LEVEL = "-O";
				VALIDATE_PRODUCT = YES;
			};
			name = Release;
		};
		95C2B508236C80180069864E /* Debug */ = {
			isa = XCBuildConfiguration;
			buildSettings = {
				ASSETCATALOG_COMPILER_APPICON_NAME = AppIcon;
				CODE_SIGN_STYLE = Automatic;
				DEVELOPMENT_ASSET_PATHS = "\"HukingAppPopulatingListInSwiftUI/Preview Content\"";
				DEVELOPMENT_TEAM = L8W86DZDY2;
				ENABLE_PREVIEWS = YES;
				INFOPLIST_FILE = HukingAppPopulatingListInSwiftUI/Info.plist;
				LD_RUNPATH_SEARCH_PATHS = (
					"$(inherited)",
					"@executable_path/Frameworks",
				);
				PRODUCT_BUNDLE_IDENTIFIER = com.ri.HukingAppPopulatingListInSwiftUI;
				PRODUCT_NAME = "$(TARGET_NAME)";
				SWIFT_VERSION = 5.0;
				TARGETED_DEVICE_FAMILY = "1,2";
			};
			name = Debug;
		};
		95C2B509236C80180069864E /* Release */ = {
			isa = XCBuildConfiguration;
			buildSettings = {
				ASSETCATALOG_COMPILER_APPICON_NAME = AppIcon;
				CODE_SIGN_STYLE = Automatic;
				DEVELOPMENT_ASSET_PATHS = "\"HukingAppPopulatingListInSwiftUI/Preview Content\"";
				DEVELOPMENT_TEAM = L8W86DZDY2;
				ENABLE_PREVIEWS = YES;
				INFOPLIST_FILE = HukingAppPopulatingListInSwiftUI/Info.plist;
				LD_RUNPATH_SEARCH_PATHS = (
					"$(inherited)",
					"@executable_path/Frameworks",
				);
				PRODUCT_BUNDLE_IDENTIFIER = com.ri.HukingAppPopulatingListInSwiftUI;
				PRODUCT_NAME = "$(TARGET_NAME)";
				SWIFT_VERSION = 5.0;
				TARGETED_DEVICE_FAMILY = "1,2";
			};
			name = Release;
		};
/* End XCBuildConfiguration section */

/* Begin XCConfigurationList section */
		95C2B4EE236C80160069864E /* Build configuration list for PBXProject "HukingAppPopulatingListInSwiftUI" */ = {
			isa = XCConfigurationList;
			buildConfigurations = (
				95C2B505236C80180069864E /* Debug */,
				95C2B506236C80180069864E /* Release */,
			);
			defaultConfigurationIsVisible = 0;
			defaultConfigurationName = Release;
		};
		95C2B507236C80180069864E /* Build configuration list for PBXNativeTarget "HukingAppPopulatingListInSwiftUI" */ = {
			isa = XCConfigurationList;
			buildConfigurations = (
				95C2B508236C80180069864E /* Debug */,
				95C2B509236C80180069864E /* Release */,
			);
			defaultConfigurationIsVisible = 0;
			defaultConfigurationName = Release;
		};
/* End XCConfigurationList section */
	};
	rootObject = 95C2B4EB236C80160069864E /* Project object */;
}
